
Microsoft Visual Studio Solution File, Format Version 12.00
# Visual Studio Version 17
VisualStudioVersion = 17.10.35027.167
MinimumVisualStudioVersion = 10.0.40219.1
Project("{9A19103F-16F7-4668-BE54-9A1E7A4F7556}") = "ProjectBase.API", "src\ProjectBase.API\ProjectBase.API.csproj", "{D75040B5-139D-4330-ADB3-766DBE180BF1}"
EndProject
Project("{9A19103F-16F7-4668-BE54-9A1E7A4F7556}") = "ProjectBase.Core", "src\ProjectBase.Core\ProjectBase.Core.csproj", "{3AE0A225-0773-4CED-B96D-8B264C3E5976}"
EndProject
Project("{9A19103F-16F7-4668-BE54-9A1E7A4F7556}") = "ProjectBase.Data", "src\ProjectBase.Data\ProjectBase.Data.csproj", "{7F6B22AD-E754-4D29-8822-2438BF50271B}"
EndProject
Project("{9A19103F-16F7-4668-BE54-9A1E7A4F7556}") = "ProjectBase.WebApp", "src\ProjectBase.WebApp\ProjectBase.WebApp.csproj", "{2C04C646-DF6F-46E3-9033-9991D88895E1}"
EndProject
Project("{2150E333-8FDC-42A3-9474-1A3956D46DE8}") = "src", "src", "{33AB14D7-AF8C-4B99-8CAF-D34FCF041CC1}"
EndProject
Global
	GlobalSection(SolutionConfigurationPlatforms) = preSolution
		Debug|Any CPU = Debug|Any CPU
		Release|Any CPU = Release|Any CPU
	EndGlobalSection
	GlobalSection(ProjectConfigurationPlatforms) = postSolution
		{D75040B5-139D-4330-ADB3-766DBE180BF1}.Debug|Any CPU.ActiveCfg = Debug|Any CPU
		{D75040B5-139D-4330-ADB3-766DBE180BF1}.Debug|Any CPU.Build.0 = Debug|Any CPU
		{D75040B5-139D-4330-ADB3-766DBE180BF1}.Release|Any CPU.ActiveCfg = Release|Any CPU
		{D75040B5-139D-4330-ADB3-766DBE180BF1}.Release|Any CPU.Build.0 = Release|Any CPU
		{3AE0A225-0773-4CED-B96D-8B264C3E5976}.Debug|Any CPU.ActiveCfg = Debug|Any CPU
		{3AE0A225-0773-4CED-B96D-8B264C3E5976}.Debug|Any CPU.Build.0 = Debug|Any CPU
		{3AE0A225-0773-4CED-B96D-8B264C3E5976}.Release|Any CPU.ActiveCfg = Release|Any CPU
		{3AE0A225-0773-4CED-B96D-8B264C3E5976}.Release|Any CPU.Build.0 = Release|Any CPU
		{7F6B22AD-E754-4D29-8822-2438BF50271B}.Debug|Any CPU.ActiveCfg = Debug|Any CPU
		{7F6B22AD-E754-4D29-8822-2438BF50271B}.Debug|Any CPU.Build.0 = Debug|Any CPU
		{7F6B22AD-E754-4D29-8822-2438BF50271B}.Release|Any CPU.ActiveCfg = Release|Any CPU
		{7F6B22AD-E754-4D29-8822-2438BF50271B}.Release|Any CPU.Build.0 = Release|Any CPU
		{2C04C646-DF6F-46E3-9033-9991D88895E1}.Debug|Any CPU.ActiveCfg = Debug|Any CPU
		{2C04C646-DF6F-46E3-9033-9991D88895E1}.Debug|Any CPU.Build.0 = Debug|Any CPU
		{2C04C646-DF6F-46E3-9033-9991D88895E1}.Release|Any CPU.ActiveCfg = Release|Any CPU
		{2C04C646-DF6F-46E3-9033-9991D88895E1}.Release|Any CPU.Build.0 = Release|Any CPU
	EndGlobalSection
	GlobalSection(SolutionProperties) = preSolution
		HideSolutionNode = FALSE
	EndGlobalSection
	GlobalSection(NestedProjects) = preSolution
		{D75040B5-139D-4330-ADB3-766DBE180BF1} = {33AB14D7-AF8C-4B99-8CAF-D34FCF041CC1}
		{3AE0A225-0773-4CED-B96D-8B264C3E5976} = {33AB14D7-AF8C-4B99-8CAF-D34FCF041CC1}
		{7F6B22AD-E754-4D29-8822-2438BF50271B} = {33AB14D7-AF8C-4B99-8CAF-D34FCF041CC1}
		{2C04C646-DF6F-46E3-9033-9991D88895E1} = {33AB14D7-AF8C-4B99-8CAF-D34FCF041CC1}
	EndGlobalSection
	GlobalSection(ExtensibilityGlobals) = postSolution
		SolutionGuid = {D8FC78EE-35A4-467D-BD50-ECA6C6A67CF9}
	EndGlobalSection
EndGlobal
